
Microsoft Visual Studio Solution File, Format Version 12.00
# Visual Studio Version 16
VisualStudioVersion = 16.0.31205.134
MinimumVisualStudioVersion = 10.0.40219.1
Project("{FAE04EC0-301F-11D3-BF4B-00C04F79EFBC}") = "MRPSystem", "MRPSystem\MRPSystem.csproj", "{7D966BE5-3F10-4974-89A1-73E16AC11E37}"
EndProject
Global
	GlobalSection(SolutionConfigurationPlatforms) = preSolution
		Debug|Any CPU = Debug|Any CPU
		Release|Any CPU = Release|Any CPU
	EndGlobalSection
	GlobalSection(ProjectConfigurationPlatforms) = postSolution
		{7D966BE5-3F10-4974-89A1-73E16AC11E37}.Debug|Any CPU.ActiveCfg = Debug|Any CPU
		{7D966BE5-3F10-4974-89A1-73E16AC11E37}.Debug|Any CPU.Build.0 = Debug|Any CPU
		{7D966BE5-3F10-4974-89A1-73E16AC11E37}.Release|Any CPU.ActiveCfg = Release|Any CPU
		{7D966BE5-3F10-4974-89A1-73E16AC11E37}.Release|Any CPU.Build.0 = Release|Any CPU
	EndGlobalSection
	GlobalSection(SolutionProperties) = preSolution
		HideSolutionNode = FALSE
	EndGlobalSection
	GlobalSection(ExtensibilityGlobals) = postSolution
		SolutionGuid = {12DBF97D-2DBD-4215-8E08-A378FF63D753}
	EndGlobalSection
EndGlobal
